
Microsoft Visual Studio Solution File, Format Version 12.00
# Visual Studio 15
VisualStudioVersion = 15.0.28307.852
MinimumVisualStudioVersion = 10.0.40219.1
Project("{FAE04EC0-301F-11D3-BF4B-00C04F79EFBC}") = "ConsoleAppPart", "ConsoleAppPart\ConsoleAppPart.csproj", "{11E0D20A-EE5E-493D-BCE0-0C0C08D13C7F}"
EndProject
Project("{FAE04EC0-301F-11D3-BF4B-00C04F79EFBC}") = "Tools", "Tools\Tools.csproj", "{BA558F97-8018-466B-BA86-2E27A89DAE03}"
EndProject
Project("{FAE04EC0-301F-11D3-BF4B-00C04F79EFBC}") = "Model", "Model\Model.csproj", "{6CD968A3-B054-48D3-8C50-6AE62762A08E}"
EndProject
Global
	GlobalSection(SolutionConfigurationPlatforms) = preSolution
		Debug|Any CPU = Debug|Any CPU
		Release|Any CPU = Release|Any CPU
	EndGlobalSection
	GlobalSection(ProjectConfigurationPlatforms) = postSolution
		{11E0D20A-EE5E-493D-BCE0-0C0C08D13C7F}.Debug|Any CPU.ActiveCfg = Debug|Any CPU
		{11E0D20A-EE5E-493D-BCE0-0C0C08D13C7F}.Debug|Any CPU.Build.0 = Debug|Any CPU
		{11E0D20A-EE5E-493D-BCE0-0C0C08D13C7F}.Release|Any CPU.ActiveCfg = Release|Any CPU
		{11E0D20A-EE5E-493D-BCE0-0C0C08D13C7F}.Release|Any CPU.Build.0 = Release|Any CPU
		{BA558F97-8018-466B-BA86-2E27A89DAE03}.Debug|Any CPU.ActiveCfg = Debug|Any CPU
		{BA558F97-8018-466B-BA86-2E27A89DAE03}.Debug|Any CPU.Build.0 = Debug|Any CPU
		{BA558F97-8018-466B-BA86-2E27A89DAE03}.Release|Any CPU.ActiveCfg = Release|Any CPU
		{BA558F97-8018-466B-BA86-2E27A89DAE03}.Release|Any CPU.Build.0 = Release|Any CPU
		{6CD968A3-B054-48D3-8C50-6AE62762A08E}.Debug|Any CPU.ActiveCfg = Debug|Any CPU
		{6CD968A3-B054-48D3-8C50-6AE62762A08E}.Debug|Any CPU.Build.0 = Debug|Any CPU
		{6CD968A3-B054-48D3-8C50-6AE62762A08E}.Release|Any CPU.ActiveCfg = Release|Any CPU
		{6CD968A3-B054-48D3-8C50-6AE62762A08E}.Release|Any CPU.Build.0 = Release|Any CPU
	EndGlobalSection
	GlobalSection(SolutionProperties) = preSolution
		HideSolutionNode = FALSE
	EndGlobalSection
	GlobalSection(ExtensibilityGlobals) = postSolution
		SolutionGuid = {BE6FDF9E-049A-45C9-9299-F4B5D950D648}
	EndGlobalSection
EndGlobal
