
Microsoft Visual Studio Solution File, Format Version 12.00
# Visual Studio 15
VisualStudioVersion = 15.0.28307.852
MinimumVisualStudioVersion = 10.0.40219.1
Project("{FAE04EC0-301F-11D3-BF4B-00C04F79EFBC}") = "ConsoleAppPart", "ConsoleAppPart\ConsoleAppPart.csproj", "{11E0D20A-EE5E-493D-BCE0-0C0C08D13C7F}"
EndProject
Global
	GlobalSection(SolutionConfigurationPlatforms) = preSolution
		Debug|Any CPU = Debug|Any CPU
		Release|Any CPU = Release|Any CPU
	EndGlobalSection
	GlobalSection(ProjectConfigurationPlatforms) = postSolution
		{11E0D20A-EE5E-493D-BCE0-0C0C08D13C7F}.Debug|Any CPU.ActiveCfg = Debug|Any CPU
		{11E0D20A-EE5E-493D-BCE0-0C0C08D13C7F}.Debug|Any CPU.Build.0 = Debug|Any CPU
		{11E0D20A-EE5E-493D-BCE0-0C0C08D13C7F}.Release|Any CPU.ActiveCfg = Release|Any CPU
		{11E0D20A-EE5E-493D-BCE0-0C0C08D13C7F}.Release|Any CPU.Build.0 = Release|Any CPU
	EndGlobalSection
	GlobalSection(SolutionProperties) = preSolution
		HideSolutionNode = FALSE
	EndGlobalSection
	GlobalSection(ExtensibilityGlobals) = postSolution
		SolutionGuid = {BE6FDF9E-049A-45C9-9299-F4B5D950D648}
	EndGlobalSection
EndGlobal
